
Microsoft Visual Studio Solution File, Format Version 12.00
# Visual Studio 14
VisualStudioVersion = 14.0.25123.0
MinimumVisualStudioVersion = 10.0.40219.1
Project("{FAE04EC0-301F-11D3-BF4B-00C04F79EFBC}") = "IntroCSharp", "IntroCSharp\IntroCSharp.csproj", "{533A014F-B1BE-4AA8-A09E-7500B920242C}"
EndProject
Global
	GlobalSection(SolutionConfigurationPlatforms) = preSolution
		Debug|Any CPU = Debug|Any CPU
		Release|Any CPU = Release|Any CPU
	EndGlobalSection
	GlobalSection(ProjectConfigurationPlatforms) = postSolution
		{533A014F-B1BE-4AA8-A09E-7500B920242C}.Debug|Any CPU.ActiveCfg = Debug|Any CPU
		{533A014F-B1BE-4AA8-A09E-7500B920242C}.Debug|Any CPU.Build.0 = Debug|Any CPU
		{533A014F-B1BE-4AA8-A09E-7500B920242C}.Release|Any CPU.ActiveCfg = Release|Any CPU
		{533A014F-B1BE-4AA8-A09E-7500B920242C}.Release|Any CPU.Build.0 = Release|Any CPU
	EndGlobalSection
	GlobalSection(SolutionProperties) = preSolution
		HideSolutionNode = FALSE
	EndGlobalSection
EndGlobal
