
Microsoft Visual Studio Solution File, Format Version 12.00
# Visual Studio 14
VisualStudioVersion = 14.0.25123.0
MinimumVisualStudioVersion = 10.0.40219.1
Project("{FAE04EC0-301F-11D3-BF4B-00C04F79EFBC}") = "1-25_morningAssignment", "1-25_morningAssignment\1-25_morningAssignment.csproj", "{53FF25BC-0CE4-451B-83C3-B8E87EB56D38}"
EndProject
Global
	GlobalSection(SolutionConfigurationPlatforms) = preSolution
		Debug|Any CPU = Debug|Any CPU
		Release|Any CPU = Release|Any CPU
	EndGlobalSection
	GlobalSection(ProjectConfigurationPlatforms) = postSolution
		{53FF25BC-0CE4-451B-83C3-B8E87EB56D38}.Debug|Any CPU.ActiveCfg = Debug|Any CPU
		{53FF25BC-0CE4-451B-83C3-B8E87EB56D38}.Debug|Any CPU.Build.0 = Debug|Any CPU
		{53FF25BC-0CE4-451B-83C3-B8E87EB56D38}.Release|Any CPU.ActiveCfg = Release|Any CPU
		{53FF25BC-0CE4-451B-83C3-B8E87EB56D38}.Release|Any CPU.Build.0 = Release|Any CPU
	EndGlobalSection
	GlobalSection(SolutionProperties) = preSolution
		HideSolutionNode = FALSE
	EndGlobalSection
EndGlobal
